github.com/google/go-cmp v0.5.5 h1:Khx7svrCpmxxtHBq5j2mp/xVjsi8hQMfNLvJFAlrGgU=
github.com/google/go-cmp v0.5.5/go.mod h1:v8dTdLbMG2kIc/vJvl+f65V22dbkXbowE6jgT/gNBxE=
github.com/google/uuid v1.6.0 h1:NIvaJDMOsjHA8n1jAhLSgzrAzy1Hgr+hNrb57e+94F0=
github.com/google/uuid v1.6.0/go.mod h1:TIyPZe4MgqvfeYDBFedMoGGpEw/LqOeaOT+nhxU+yHo=
github.com/saichler/layer8/go v0.0.0-20250313000847-63d867bf767e h1:U4NaG+2EIiSQjwD1eJ4bl7mGFMZcj1sKjU2skpKe8LE=
github.com/saichler/layer8/go v0.0.0-20250313000847-63d867bf767e/go.mod h1:Cs6KpsGzgYxpIf0HUdtNgSeb2ZvbkeoCU39jy3HwMUs=
github.com/saichler/reflect/go v0.0.0-20250317153135-a0a75946f793 h1:O2AKCdipQVthsPfAS4fDsVUxkY7fJWkBtYoJ/HEAK58=
github.com/saichler/reflect/go v0.0.0-20250317153135-a0a75946f793/go.mod h1:EEDvGlXKyd5pC0pEaGtvlExRKnVAGFfTPc2SOoZ4jb8=
github.com/saichler/serializer/go v0.0.0-20250312171751-f16ab3ede337 h1:dz81uCQBl/YjSTHBXFHhcmMFqogX8A9UpLrIUYFEuTs=
github.com/saichler/serializer/go v0.0.0-20250312171751-f16ab3ede337/go.mod h1:nAroBxpeuJfNGFznwUSvANaIfNB4jltFJcGmqxwRUXU=
github.com/saichler/servicepoints/go v0.0.0-20250312193859-1ab8bbb11c85 h1:p1t2rV68qaEwcE9YY5KkKSZ00usR1yikwgq7DJER1Iw=
github.com/saichler/servicepoints/go v0.0.0-20250312193859-1ab8bbb11c85/go.mod h1:H89t/fmhWGsdabnoxQ4/jgccbhO0z6PxbAnb9+xFVL0=
github.com/saichler/shared/go v0.0.0-20250320040155-36b055938c7c h1:6gUnIDykypT4XMN7NY7JyUTwC4aAOk3gS4jHCHtf/x8=
github.com/saichler/shared/go v0.0.0-20250320040155-36b055938c7c/go.mod h1:o2TcPMgtrVYB+6GQDzjlpoVkKD1I9VjZ1yt37TSqcJc=
github.com/saichler/types/go v0.0.0-20250317151948-b4989260e7d5 h1:Ep9VRItAx3n0pg5BA35UfuDLlYzRmycrKUbhfIpj4RA=
github.com/saichler/types/go v0.0.0-20250317151948-b4989260e7d5/go.mod h1:VXMfoEKBR24gtmrpXM8fbOoleMax4m6ppGfitba9BjA=
golang.org/x/xerrors v0.0.0-20191204190536-9bdfabe68543 h1:E7g+9GITq07hpfrRu66IVDexMakfv52eLZ2CXBWiKr4=
golang.org/x/xerrors v0.0.0-20191204190536-9bdfabe68543/go.mod h1:I/5z698sn9Ka8TeJc9MKroUUfqBBauWjQqLJ2OPfmY0=
google.golang.org/protobuf v1.36.5 h1:tPhr+woSbjfYvY6/GPufUoYizxw1cF/yFoxJ2fmpwlM=
google.golang.org/protobuf v1.36.5/go.mod h1:9fA7Ob0pmnwhb644+1+CVWFRbNajQ6iRojtC/QF5bRE=
